# This file is automatically @generated by Cargo.
# It is not intended for manual editing.
version = 3

[[package]]
name = "advent_2018_01"
version = "0.1.0"
dependencies = [
 "common",
 "nom",
]

[[package]]
name = "advent_2018_02"
version = "0.1.0"
dependencies = [
 "common",
 "nom",
]

[[package]]
name = "advent_2018_03"
version = "0.1.0"
dependencies = [
 "common",
 "nom",
]

[[package]]
name = "advent_2018_04"
version = "0.1.0"
dependencies = [
 "common",
 "nom",
]

[[package]]
name = "advent_2018_05"
version = "0.1.0"
dependencies = [
 "common",
 "nom",
]

[[package]]
name = "advent_2018_06"
version = "0.1.0"
dependencies = [
 "common",
 "nom",
]

[[package]]
name = "advent_2018_07"
version = "0.1.0"
dependencies = [
 "common",
 "nom",
]

[[package]]
name = "advent_2018_08"
version = "0.1.0"
dependencies = [
 "common",
 "nom",
]

[[package]]
name = "advent_2018_09"
version = "0.1.0"
dependencies = [
 "common",
 "nom",
]

[[package]]
name = "advent_2018_10"
version = "0.1.0"
dependencies = [
 "common",
 "nom",
]

[[package]]
name = "advent_2018_11"
version = "0.1.0"
dependencies = [
 "common",
 "nom",
]

[[package]]
name = "advent_2018_12"
version = "0.1.0"
dependencies = [
 "common",
 "nom",
]

[[package]]
name = "advent_2018_13"
version = "0.1.0"
dependencies = [
 "common",
 "nom",
]

[[package]]
name = "advent_2018_14"
version = "0.1.0"
dependencies = [
 "common",
 "nom",
]

[[package]]
name = "advent_2018_15"
version = "0.1.0"
dependencies = [
 "common",
 "nom",
]

[[package]]
name = "advent_2018_16"
version = "0.1.0"
dependencies = [
 "common",
 "nom",
]

[[package]]
name = "advent_2018_17"
version = "0.1.0"
dependencies = [
 "common",
 "nom",
]

[[package]]
name = "advent_2018_18"
version = "0.1.0"
dependencies = [
 "common",
 "nom",
]

[[package]]
name = "advent_2018_19"
version = "0.1.0"
dependencies = [
 "common",
 "nom",
]

[[package]]
name = "advent_2018_20"
version = "0.1.0"
dependencies = [
 "common",
 "nom",
]

[[package]]
name = "advent_2018_21"
version = "0.1.0"
dependencies = [
 "common",
 "nom",
]

[[package]]
name = "advent_2018_22"
version = "0.1.0"
dependencies = [
 "common",
 "nom",
]

[[package]]
name = "advent_2018_23"
version = "0.1.0"
dependencies = [
 "common",
 "nom",
]

[[package]]
name = "advent_2018_24"
version = "0.1.0"
dependencies = [
 "common",
 "nom",
]

[[package]]
name = "advent_2018_25"
version = "0.1.0"
dependencies = [
 "common",
 "nom",
]

[[package]]
name = "common"
version = "0.1.0"
dependencies = [
 "nom",
]

[[package]]
name = "memchr"
version = "2.5.0"
source = "registry+https://github.com/rust-lang/crates.io-index"
checksum = "2dffe52ecf27772e601905b7522cb4ef790d2cc203488bbd0e2fe85fcb74566d"

[[package]]
name = "minimal-lexical"
version = "0.2.1"
source = "registry+https://github.com/rust-lang/crates.io-index"
checksum = "68354c5c6bd36d73ff3feceb05efa59b6acb7626617f4962be322a825e61f79a"

[[package]]
name = "nom"
version = "7.1.3"
source = "registry+https://github.com/rust-lang/crates.io-index"
checksum = "d273983c5a657a70a3e8f2a01329822f3b8c8172b73826411a55751e404a0a4a"
dependencies = [
 "memchr",
 "minimal-lexical",
]
